
Microsoft Visual Studio Solution File, Format Version 12.00
# Visual Studio Version 17
VisualStudioVersion = 17.8.34511.84
MinimumVisualStudioVersion = 10.0.40219.1
Project("{9A19103F-16F7-4668-BE54-9A1E7A4F7556}") = "MeuTodo", "MeuTodo.csproj", "{8D92FB65-D55D-4534-AABA-D4FDB1E9CADA}"
EndProject
Global
	GlobalSection(SolutionConfigurationPlatforms) = preSolution
		Debug|Any CPU = Debug|Any CPU
		Release|Any CPU = Release|Any CPU
	EndGlobalSection
	GlobalSection(ProjectConfigurationPlatforms) = postSolution
		{8D92FB65-D55D-4534-AABA-D4FDB1E9CADA}.Debug|Any CPU.ActiveCfg = Debug|Any CPU
		{8D92FB65-D55D-4534-AABA-D4FDB1E9CADA}.Debug|Any CPU.Build.0 = Debug|Any CPU
		{8D92FB65-D55D-4534-AABA-D4FDB1E9CADA}.Release|Any CPU.ActiveCfg = Release|Any CPU
		{8D92FB65-D55D-4534-AABA-D4FDB1E9CADA}.Release|Any CPU.Build.0 = Release|Any CPU
	EndGlobalSection
	GlobalSection(SolutionProperties) = preSolution
		HideSolutionNode = FALSE
	EndGlobalSection
	GlobalSection(ExtensibilityGlobals) = postSolution
		SolutionGuid = {C32ED6E5-5E07-48E9-B459-D61BEBB4DB7E}
	EndGlobalSection
EndGlobal
