
Microsoft Visual Studio Solution File, Format Version 12.00
# Visual Studio Version 17
VisualStudioVersion = 17.8.34511.84
MinimumVisualStudioVersion = 10.0.40219.1
Project("{FAE04EC0-301F-11D3-BF4B-00C04F79EFBC}") = "AwesomeDevEvents.API", "AwesomeDevEvents.API\AwesomeDevEvents.API.csproj", "{39734A71-1453-425E-A991-71EA4D8CF553}"
EndProject
Global
	GlobalSection(SolutionConfigurationPlatforms) = preSolution
		Debug|Any CPU = Debug|Any CPU
		Release|Any CPU = Release|Any CPU
	EndGlobalSection
	GlobalSection(ProjectConfigurationPlatforms) = postSolution
		{39734A71-1453-425E-A991-71EA4D8CF553}.Debug|Any CPU.ActiveCfg = Debug|Any CPU
		{39734A71-1453-425E-A991-71EA4D8CF553}.Debug|Any CPU.Build.0 = Debug|Any CPU
		{39734A71-1453-425E-A991-71EA4D8CF553}.Release|Any CPU.ActiveCfg = Release|Any CPU
		{39734A71-1453-425E-A991-71EA4D8CF553}.Release|Any CPU.Build.0 = Release|Any CPU
	EndGlobalSection
	GlobalSection(SolutionProperties) = preSolution
		HideSolutionNode = FALSE
	EndGlobalSection
	GlobalSection(ExtensibilityGlobals) = postSolution
		SolutionGuid = {C246213A-77F9-49CC-9E52-38D1CFC5076A}
	EndGlobalSection
EndGlobal
